<?xml version="1.0" encoding="utf-8"?>
<Project ToolsVersion="4.0" xmlns="http://schemas.microsoft.com/developer/msbuild/2003">
  <ItemGroup>
    <Filter Include="Source Files">
      <UniqueIdentifier>{4FC737F1-C7A5-4376-A066-2A32D752A2FF}</UniqueIdentifier>
      <Extensions>cpp;c;cc;cxx;c++;cppm;ixx;def;odl;idl;hpj;bat;asm;asmx</Extensions>
    </Filter>
    <Filter Include="Header Files">
      <UniqueIdentifier>{93995380-89BD-4b04-88EB-625FBE52EBFB}</UniqueIdentifier>
      <Extensions>h;hh;hpp;hxx;h++;hm;inl;inc;ipp;xsd</Extensions>
    </Filter>
    <Filter Include="Resource Files">
      <UniqueIdentifier>{67DA6AB6-F800-4c08-8B7A-83BB121AAD01}</UniqueIdentifier>
      <Extensions>rc;ico;cur;bmp;dlg;rc2;rct;bin;rgs;gif;jpg;jpeg;jpe;resx;tiff;tif;png;wav;mfcribbon-ms</Extensions>
    </Filter>
    <Filter Include="Header Files\tool">
      <UniqueIdentifier>{cbc494ad-6ad6-4f4b-b00c-fcdeb9c91121}</UniqueIdentifier>
    </Filter>
    <Filter Include="Resource Files\shaders">
      <UniqueIdentifier>{5526daee-841d-4649-9a06-0b32528446ba}</UniqueIdentifier>
    </Filter>
    <Filter Include="Resource Files\shaders\scene">
      <UniqueIdentifier>{ee616852-d81c-411f-9741-99a615e2fa28}</UniqueIdentifier>
    </Filter>
    <Filter Include="Resource Files\shaders\lines">
      <UniqueIdentifier>{11ebb092-9834-43ab-90a5-c6c9db72512b}</UniqueIdentifier>
    </Filter>
  </ItemGroup>
  <ItemGroup>
    <ClCompile Include="riow.cpp">
      <Filter>Source Files</Filter>
    </ClCompile>
    <ClCompile Include="tool\glad.c">
      <Filter>Source Files</Filter>
    </ClCompile>
    <ClCompile Include="tool\window.cpp">
      <Filter>Source Files</Filter>
    </ClCompile>
  </ItemGroup>
  <ItemGroup>
    <ClInclude Include="vec3.h">
      <Filter>Header Files</Filter>
    </ClInclude>
    <ClInclude Include="color.h">
      <Filter>Header Files</Filter>
    </ClInclude>
    <ClInclude Include="ray.h">
      <Filter>Header Files</Filter>
    </ClInclude>
    <ClInclude Include="hittable.h">
      <Filter>Header Files</Filter>
    </ClInclude>
    <ClInclude Include="sphere.h">
      <Filter>Header Files</Filter>
    </ClInclude>
    <ClInclude Include="hittable_list.h">
      <Filter>Header Files</Filter>
    </ClInclude>
    <ClInclude Include="rtweekend.h">
      <Filter>Header Files</Filter>
    </ClInclude>
    <ClInclude Include="camera.h">
      <Filter>Header Files</Filter>
    </ClInclude>
    <ClInclude Include="material.h">
      <Filter>Header Files</Filter>
    </ClInclude>
    <ClInclude Include="texture.h">
      <Filter>Header Files</Filter>
    </ClInclude>
    <ClInclude Include="stb_image.h">
      <Filter>Header Files</Filter>
    </ClInclude>
    <ClInclude Include="rtw_stb_image.h">
      <Filter>Header Files</Filter>
    </ClInclude>
    <ClInclude Include="constant_medium.h">
      <Filter>Header Files</Filter>
    </ClInclude>
    <ClInclude Include="onb.h">
      <Filter>Header Files</Filter>
    </ClInclude>
    <ClInclude Include="pdf.h">
      <Filter>Header Files</Filter>
    </ClInclude>
    <ClInclude Include="rnd.h">
      <Filter>Header Files</Filter>
    </ClInclude>
    <ClInclude Include="tool\camera.h">
      <Filter>Header Files\tool</Filter>
    </ClInclude>
    <ClInclude Include="tool\scene.h">
      <Filter>Header Files\tool</Filter>
    </ClInclude>
    <ClInclude Include="tool\screen_texture.h">
      <Filter>Header Files\tool</Filter>
    </ClInclude>
    <ClInclude Include="tool\shader.h">
      <Filter>Header Files\tool</Filter>
    </ClInclude>
    <ClInclude Include="tool\window.h">
      <Filter>Header Files\tool</Filter>
    </ClInclude>
    <ClInclude Include="tool\zoom_pixel.h">
      <Filter>Header Files\tool</Filter>
    </ClInclude>
    <ClInclude Include="pathtracer.h">
      <Filter>Header Files</Filter>
    </ClInclude>
    <ClInclude Include="tracer.h">
      <Filter>Header Files</Filter>
    </ClInclude>
    <ClInclude Include="tool\lines.h">
      <Filter>Header Files\tool</Filter>
    </ClInclude>
    <ClInclude Include="tool\tracer_data.h">
      <Filter>Header Files\tool</Filter>
    </ClInclude>
    <ClInclude Include="medium.h">
      <Filter>Header Files</Filter>
    </ClInclude>
    <ClInclude Include="tracer_callback.h">
      <Filter>Header Files</Filter>
    </ClInclude>
    <ClInclude Include="hit_record.h">
      <Filter>Header Files</Filter>
    </ClInclude>
    <ClInclude Include="envmap.h">
      <Filter>Header Files</Filter>
    </ClInclude>
    <ClInclude Include="plane.h">
      <Filter>Header Files</Filter>
    </ClInclude>
    <ClInclude Include="box.h">
      <Filter>Header Files</Filter>
    </ClInclude>
    <ClInclude Include="rawdata.h">
      <Filter>Header Files</Filter>
    </ClInclude>
    <ClInclude Include="callbacks.h">
      <Filter>Header Files</Filter>
    </ClInclude>
  </ItemGroup>
  <ItemGroup>
    <None Include="shaders\scene\fragment.glsl">
      <Filter>Resource Files\shaders\scene</Filter>
    </None>
    <None Include="shaders\scene\vertex.glsl">
      <Filter>Resource Files\shaders\scene</Filter>
    </None>
    <None Include="shaders\lines\fragment.glsl">
      <Filter>Resource Files\shaders\lines</Filter>
    </None>
    <None Include="shaders\lines\vertex.glsl">
      <Filter>Resource Files\shaders\lines</Filter>
    </None>
  </ItemGroup>
</Project>